
Microsoft Visual Studio Solution File, Format Version 12.00
# Visual Studio Version 17
VisualStudioVersion = 17.3.32819.101
MinimumVisualStudioVersion = 10.0.40219.1
Project("{9A19103F-16F7-4668-BE54-9A1E7A4F7556}") = "EmpresaEmpleados", "EmpresaEmpleados\EmpresaEmpleados.csproj", "{5AB13E30-FA0C-4161-A433-158CF75EB33E}"
EndProject
Project("{9A19103F-16F7-4668-BE54-9A1E7A4F7556}") = "Contracts", "Contracts\Contracts.csproj", "{B52CFAA5-5967-4675-8F83-B61C3BDE6EE6}"
EndProject
Project("{9A19103F-16F7-4668-BE54-9A1E7A4F7556}") = "LoggerService", "LoggerService\LoggerService.csproj", "{645F7260-26F3-47D7-9C13-86C17E21F079}"
EndProject
Project("{FAE04EC0-301F-11D3-BF4B-00C04F79EFBC}") = "Entities", "Entities\Entities.csproj", "{E1ABCC80-3313-47E7-A255-59020813B46C}"
EndProject
Global
	GlobalSection(SolutionConfigurationPlatforms) = preSolution
		Debug|Any CPU = Debug|Any CPU
		Debug|x64 = Debug|x64
		Debug|x86 = Debug|x86
		Release|Any CPU = Release|Any CPU
		Release|x64 = Release|x64
		Release|x86 = Release|x86
	EndGlobalSection
	GlobalSection(ProjectConfigurationPlatforms) = postSolution
		{5AB13E30-FA0C-4161-A433-158CF75EB33E}.Debug|Any CPU.ActiveCfg = Debug|Any CPU
		{5AB13E30-FA0C-4161-A433-158CF75EB33E}.Debug|Any CPU.Build.0 = Debug|Any CPU
		{5AB13E30-FA0C-4161-A433-158CF75EB33E}.Debug|x64.ActiveCfg = Debug|Any CPU
		{5AB13E30-FA0C-4161-A433-158CF75EB33E}.Debug|x64.Build.0 = Debug|Any CPU
		{5AB13E30-FA0C-4161-A433-158CF75EB33E}.Debug|x86.ActiveCfg = Debug|Any CPU
		{5AB13E30-FA0C-4161-A433-158CF75EB33E}.Debug|x86.Build.0 = Debug|Any CPU
		{5AB13E30-FA0C-4161-A433-158CF75EB33E}.Release|Any CPU.ActiveCfg = Release|Any CPU
		{5AB13E30-FA0C-4161-A433-158CF75EB33E}.Release|Any CPU.Build.0 = Release|Any CPU
		{5AB13E30-FA0C-4161-A433-158CF75EB33E}.Release|x64.ActiveCfg = Release|Any CPU
		{5AB13E30-FA0C-4161-A433-158CF75EB33E}.Release|x64.Build.0 = Release|Any CPU
		{5AB13E30-FA0C-4161-A433-158CF75EB33E}.Release|x86.ActiveCfg = Release|Any CPU
		{5AB13E30-FA0C-4161-A433-158CF75EB33E}.Release|x86.Build.0 = Release|Any CPU
		{B52CFAA5-5967-4675-8F83-B61C3BDE6EE6}.Debug|Any CPU.ActiveCfg = Debug|Any CPU
		{B52CFAA5-5967-4675-8F83-B61C3BDE6EE6}.Debug|Any CPU.Build.0 = Debug|Any CPU
		{B52CFAA5-5967-4675-8F83-B61C3BDE6EE6}.Debug|x64.ActiveCfg = Debug|Any CPU
		{B52CFAA5-5967-4675-8F83-B61C3BDE6EE6}.Debug|x64.Build.0 = Debug|Any CPU
		{B52CFAA5-5967-4675-8F83-B61C3BDE6EE6}.Debug|x86.ActiveCfg = Debug|Any CPU
		{B52CFAA5-5967-4675-8F83-B61C3BDE6EE6}.Debug|x86.Build.0 = Debug|Any CPU
		{B52CFAA5-5967-4675-8F83-B61C3BDE6EE6}.Release|Any CPU.ActiveCfg = Release|Any CPU
		{B52CFAA5-5967-4675-8F83-B61C3BDE6EE6}.Release|Any CPU.Build.0 = Release|Any CPU
		{B52CFAA5-5967-4675-8F83-B61C3BDE6EE6}.Release|x64.ActiveCfg = Release|Any CPU
		{B52CFAA5-5967-4675-8F83-B61C3BDE6EE6}.Release|x86.ActiveCfg = Release|Any CPU
		{B52CFAA5-5967-4675-8F83-B61C3BDE6EE6}.Release|x86.Build.0 = Release|Any CPU
		{645F7260-26F3-47D7-9C13-86C17E21F079}.Debug|Any CPU.ActiveCfg = Debug|Any CPU
		{645F7260-26F3-47D7-9C13-86C17E21F079}.Debug|Any CPU.Build.0 = Debug|Any CPU
		{645F7260-26F3-47D7-9C13-86C17E21F079}.Debug|x64.ActiveCfg = Debug|Any CPU
		{645F7260-26F3-47D7-9C13-86C17E21F079}.Debug|x64.Build.0 = Debug|Any CPU
		{645F7260-26F3-47D7-9C13-86C17E21F079}.Debug|x86.ActiveCfg = Debug|Any CPU
		{645F7260-26F3-47D7-9C13-86C17E21F079}.Debug|x86.Build.0 = Debug|Any CPU
		{645F7260-26F3-47D7-9C13-86C17E21F079}.Release|Any CPU.ActiveCfg = Release|Any CPU
		{645F7260-26F3-47D7-9C13-86C17E21F079}.Release|Any CPU.Build.0 = Release|Any CPU
		{645F7260-26F3-47D7-9C13-86C17E21F079}.Release|x64.ActiveCfg = Release|Any CPU
		{645F7260-26F3-47D7-9C13-86C17E21F079}.Release|x64.Build.0 = Release|Any CPU
		{645F7260-26F3-47D7-9C13-86C17E21F079}.Release|x86.ActiveCfg = Release|Any CPU
		{645F7260-26F3-47D7-9C13-86C17E21F079}.Release|x86.Build.0 = Release|Any CPU
		{E1ABCC80-3313-47E7-A255-59020813B46C}.Debug|Any CPU.ActiveCfg = Debug|Any CPU
		{E1ABCC80-3313-47E7-A255-59020813B46C}.Debug|Any CPU.Build.0 = Debug|Any CPU
		{E1ABCC80-3313-47E7-A255-59020813B46C}.Debug|x64.ActiveCfg = Debug|Any CPU
		{E1ABCC80-3313-47E7-A255-59020813B46C}.Debug|x64.Build.0 = Debug|Any CPU
		{E1ABCC80-3313-47E7-A255-59020813B46C}.Debug|x86.ActiveCfg = Debug|Any CPU
		{E1ABCC80-3313-47E7-A255-59020813B46C}.Debug|x86.Build.0 = Debug|Any CPU
		{E1ABCC80-3313-47E7-A255-59020813B46C}.Release|Any CPU.ActiveCfg = Release|Any CPU
		{E1ABCC80-3313-47E7-A255-59020813B46C}.Release|Any CPU.Build.0 = Release|Any CPU
		{E1ABCC80-3313-47E7-A255-59020813B46C}.Release|x64.ActiveCfg = Release|Any CPU
		{E1ABCC80-3313-47E7-A255-59020813B46C}.Release|x64.Build.0 = Release|Any CPU
		{E1ABCC80-3313-47E7-A255-59020813B46C}.Release|x86.ActiveCfg = Release|Any CPU
	EndGlobalSection
	GlobalSection(SolutionProperties) = preSolution
		HideSolutionNode = FALSE
	EndGlobalSection
	GlobalSection(ExtensibilityGlobals) = postSolution
		SolutionGuid = {0067DE7C-F56D-4A7E-98F0-467AB5153F4F}
	EndGlobalSection
EndGlobal
